// !$*UTF8*$!
{
	archiveVersion = 1;
	classes = {
	};
	objectVersion = 77;
	objects = {

/* Begin PBXBuildFile section */
		B7F1F0B82D0A3F65000C5A62 /* WidgetKit.framework in Frameworks */ = {isa = PBXBuildFile; fileRef = B7F1F0B72D0A3F65000C5A62 /* WidgetKit.framework */; };
		B7F1F0BA2D0A3F65000C5A62 /* SwiftUI.framework in Frameworks */ = {isa = PBXBuildFile; fileRef = B7F1F0B92D0A3F65000C5A62 /* SwiftUI.framework */; };
		B7F1F0C52D0A3F66000C5A62 /* LiveActivityDemoWidgetExtension.appex in Embed Foundation Extensions */ = {isa = PBXBuildFile; fileRef = B7F1F0B52D0A3F65000C5A62 /* LiveActivityDemoWidgetExtension.appex */; settings = {ATTRIBUTES = (RemoveHeadersOnCopy, ); }; };
/* End PBXBuildFile section */

/* Begin PBXContainerItemProxy section */
		B7F1F0C32D0A3F66000C5A62 /* PBXContainerItemProxy */ = {
			isa = PBXContainerItemProxy;
			containerPortal = B7F1F0982D0A3ED7000C5A62 /* Project object */;
			proxyType = 1;
			remoteGlobalIDString = B7F1F0B42D0A3F65000C5A62;
			remoteInfo = LiveActivityDemoWidgetExtension;
		};
/* End PBXContainerItemProxy section */

/* Begin PBXCopyFilesBuildPhase section */
		B7F1F0CA2D0A3F66000C5A62 /* Embed Foundation Extensions */ = {
			isa = PBXCopyFilesBuildPhase;
			buildActionMask = 2147483647;
			dstPath = "";
			dstSubfolderSpec = 13;
			files = (
				B7F1F0C52D0A3F66000C5A62 /* LiveActivityDemoWidgetExtension.appex in Embed Foundation Extensions */,
			);
			name = "Embed Foundation Extensions";
			runOnlyForDeploymentPostprocessing = 0;
		};
/* End PBXCopyFilesBuildPhase section */

/* Begin PBXFileReference section */
		B7F1F0A02D0A3ED7000C5A62 /* LiveActivitityDemo.app */ = {isa = PBXFileReference; explicitFileType = wrapper.application; includeInIndex = 0; path = LiveActivitityDemo.app; sourceTree = BUILT_PRODUCTS_DIR; };
		B7F1F0B52D0A3F65000C5A62 /* LiveActivityDemoWidgetExtension.appex */ = {isa = PBXFileReference; explicitFileType = "wrapper.app-extension"; includeInIndex = 0; path = LiveActivityDemoWidgetExtension.appex; sourceTree = BUILT_PRODUCTS_DIR; };
		B7F1F0B72D0A3F65000C5A62 /* WidgetKit.framework */ = {isa = PBXFileReference; lastKnownFileType = wrapper.framework; name = WidgetKit.framework; path = System/Library/Frameworks/WidgetKit.framework; sourceTree = SDKROOT; };
		B7F1F0B92D0A3F65000C5A62 /* SwiftUI.framework */ = {isa = PBXFileReference; lastKnownFileType = wrapper.framework; name = SwiftUI.framework; path = System/Library/Frameworks/SwiftUI.framework; sourceTree = SDKROOT; };
/* End PBXFileReference section */

/* Begin PBXFileSystemSynchronizedBuildFileExceptionSet section */
		B7F1F0C62D0A3F66000C5A62 /* Exceptions for "LiveActivityDemoWidget" folder in "LiveActivityDemoWidgetExtension" target */ = {
			isa = PBXFileSystemSynchronizedBuildFileExceptionSet;
			membershipExceptions = (
				Info.plist,
			);
			target = B7F1F0B42D0A3F65000C5A62 /* LiveActivityDemoWidgetExtension */;
		};
		B7F1F0CF2D0A40D0000C5A62 /* Exceptions for "LiveActivitityDemo" folder in "LiveActivityDemoWidgetExtension" target */ = {
			isa = PBXFileSystemSynchronizedBuildFileExceptionSet;
			membershipExceptions = (
				LiveActivityViewModel.swift,
				MockDataManager.swift,
				RaceActivityView.swift,
				RaceAttributes.swift,
			);
			target = B7F1F0B42D0A3F65000C5A62 /* LiveActivityDemoWidgetExtension */;
		};
		B7F1F0E62D0A4C7E000C5A62 /* Exceptions for "LiveActivitityDemo" folder in "LiveActivitityDemo" target */ = {
			isa = PBXFileSystemSynchronizedBuildFileExceptionSet;
			membershipExceptions = (
				Info.plist,
				RaceActivityView.swift,
			);
			target = B7F1F09F2D0A3ED7000C5A62 /* LiveActivitityDemo */;
		};
/* End PBXFileSystemSynchronizedBuildFileExceptionSet section */

/* Begin PBXFileSystemSynchronizedRootGroup section */
		B7F1F0A22D0A3ED7000C5A62 /* LiveActivitityDemo */ = {
			isa = PBXFileSystemSynchronizedRootGroup;
			exceptions = (
				B7F1F0E62D0A4C7E000C5A62 /* Exceptions for "LiveActivitityDemo" folder in "LiveActivitityDemo" target */,
				B7F1F0CF2D0A40D0000C5A62 /* Exceptions for "LiveActivitityDemo" folder in "LiveActivityDemoWidgetExtension" target */,
			);
			path = LiveActivitityDemo;
			sourceTree = "<group>";
		};
		B7F1F0BB2D0A3F65000C5A62 /* LiveActivityDemoWidget */ = {
			isa = PBXFileSystemSynchronizedRootGroup;
			exceptions = (
				B7F1F0C62D0A3F66000C5A62 /* Exceptions for "LiveActivityDemoWidget" folder in "LiveActivityDemoWidgetExtension" target */,
			);
			path = LiveActivityDemoWidget;
			sourceTree = "<group>";
		};
/* End PBXFileSystemSynchronizedRootGroup section */

/* Begin PBXFrameworksBuildPhase section */
		B7F1F09D2D0A3ED7000C5A62 /* Frameworks */ = {
			isa = PBXFrameworksBuildPhase;
			buildActionMask = 2147483647;
			files = (
			);
			runOnlyForDeploymentPostprocessing = 0;
		};
		B7F1F0B22D0A3F65000C5A62 /* Frameworks */ = {
			isa = PBXFrameworksBuildPhase;
			buildActionMask = 2147483647;
			files = (
				B7F1F0BA2D0A3F65000C5A62 /* SwiftUI.framework in Frameworks */,
				B7F1F0B82D0A3F65000C5A62 /* WidgetKit.framework in Frameworks */,
			);
			runOnlyForDeploymentPostprocessing = 0;
		};
/* End PBXFrameworksBuildPhase section */

/* Begin PBXGroup section */
		B7F1F0972D0A3ED7000C5A62 = {
			isa = PBXGroup;
			children = (
				B7F1F0B62D0A3F65000C5A62 /* Frameworks */,
				B7F1F0A22D0A3ED7000C5A62 /* LiveActivitityDemo */,
				B7F1F0BB2D0A3F65000C5A62 /* LiveActivityDemoWidget */,
				B7F1F0A12D0A3ED7000C5A62 /* Products */,
			);
			sourceTree = "<group>";
		};
		B7F1F0A12D0A3ED7000C5A62 /* Products */ = {
			isa = PBXGroup;
			children = (
				B7F1F0A02D0A3ED7000C5A62 /* LiveActivitityDemo.app */,
				B7F1F0B52D0A3F65000C5A62 /* LiveActivityDemoWidgetExtension.appex */,
			);
			name = Products;
			sourceTree = "<group>";
		};
		B7F1F0B62D0A3F65000C5A62 /* Frameworks */ = {
			isa = PBXGroup;
			children = (
				B7F1F0B72D0A3F65000C5A62 /* WidgetKit.framework */,
				B7F1F0B92D0A3F65000C5A62 /* SwiftUI.framework */,
			);
			name = Frameworks;
			sourceTree = "<group>";
		};
/* End PBXGroup section */

/* Begin PBXNativeTarget section */
		B7F1F09F2D0A3ED7000C5A62 /* LiveActivitityDemo */ = {
			isa = PBXNativeTarget;
			buildConfigurationList = B7F1F0AE2D0A3ED8000C5A62 /* Build configuration list for PBXNativeTarget "LiveActivitityDemo" */;
			buildPhases = (
				B7F1F09C2D0A3ED7000C5A62 /* Sources */,
				B7F1F09D2D0A3ED7000C5A62 /* Frameworks */,
				B7F1F09E2D0A3ED7000C5A62 /* Resources */,
				B7F1F0CA2D0A3F66000C5A62 /* Embed Foundation Extensions */,
			);
			buildRules = (
			);
			dependencies = (
				B7F1F0C42D0A3F66000C5A62 /* PBXTargetDependency */,
			);
			fileSystemSynchronizedGroups = (
				B7F1F0A22D0A3ED7000C5A62 /* LiveActivitityDemo */,
			);
			name = LiveActivitityDemo;
			packageProductDependencies = (
			);
			productName = LiveActivitityDemo;
			productReference = B7F1F0A02D0A3ED7000C5A62 /* LiveActivitityDemo.app */;
			productType = "com.apple.product-type.application";
		};
		B7F1F0B42D0A3F65000C5A62 /* LiveActivityDemoWidgetExtension */ = {
			isa = PBXNativeTarget;
			buildConfigurationList = B7F1F0C72D0A3F66000C5A62 /* Build configuration list for PBXNativeTarget "LiveActivityDemoWidgetExtension" */;
			buildPhases = (
				B7F1F0B12D0A3F65000C5A62 /* Sources */,
				B7F1F0B22D0A3F65000C5A62 /* Frameworks */,
				B7F1F0B32D0A3F65000C5A62 /* Resources */,
			);
			buildRules = (
			);
			dependencies = (
			);
			fileSystemSynchronizedGroups = (
				B7F1F0BB2D0A3F65000C5A62 /* LiveActivityDemoWidget */,
			);
			name = LiveActivityDemoWidgetExtension;
			packageProductDependencies = (
			);
			productName = LiveActivityDemoWidgetExtension;
			productReference = B7F1F0B52D0A3F65000C5A62 /* LiveActivityDemoWidgetExtension.appex */;
			productType = "com.apple.product-type.app-extension";
		};
/* End PBXNativeTarget section */

/* Begin PBXProject section */
		B7F1F0982D0A3ED7000C5A62 /* Project object */ = {
			isa = PBXProject;
			attributes = {
				BuildIndependentTargetsInParallel = 1;
				LastSwiftUpdateCheck = 1610;
				LastUpgradeCheck = 1610;
				TargetAttributes = {
					B7F1F09F2D0A3ED7000C5A62 = {
						CreatedOnToolsVersion = 16.1;
					};
					B7F1F0B42D0A3F65000C5A62 = {
						CreatedOnToolsVersion = 16.1;
					};
				};
			};
			buildConfigurationList = B7F1F09B2D0A3ED7000C5A62 /* Build configuration list for PBXProject "LiveActivitityDemo" */;
			developmentRegion = en;
			hasScannedForEncodings = 0;
			knownRegions = (
				en,
				Base,
			);
			mainGroup = B7F1F0972D0A3ED7000C5A62;
			minimizedProjectReferenceProxies = 1;
			preferredProjectObjectVersion = 77;
			productRefGroup = B7F1F0A12D0A3ED7000C5A62 /* Products */;
			projectDirPath = "";
			projectRoot = "";
			targets = (
				B7F1F09F2D0A3ED7000C5A62 /* LiveActivitityDemo */,
				B7F1F0B42D0A3F65000C5A62 /* LiveActivityDemoWidgetExtension */,
			);
		};
/* End PBXProject section */

/* Begin PBXResourcesBuildPhase section */
		B7F1F09E2D0A3ED7000C5A62 /* Resources */ = {
			isa = PBXResourcesBuildPhase;
			buildActionMask = 2147483647;
			files = (
			);
			runOnlyForDeploymentPostprocessing = 0;
		};
		B7F1F0B32D0A3F65000C5A62 /* Resources */ = {
			isa = PBXResourcesBuildPhase;
			buildActionMask = 2147483647;
			files = (
			);
			runOnlyForDeploymentPostprocessing = 0;
		};
/* End PBXResourcesBuildPhase section */

/* Begin PBXSourcesBuildPhase section */
		B7F1F09C2D0A3ED7000C5A62 /* Sources */ = {
			isa = PBXSourcesBuildPhase;
			buildActionMask = 2147483647;
			files = (
			);
			runOnlyForDeploymentPostprocessing = 0;
		};
		B7F1F0B12D0A3F65000C5A62 /* Sources */ = {
			isa = PBXSourcesBuildPhase;
			buildActionMask = 2147483647;
			files = (
			);
			runOnlyForDeploymentPostprocessing = 0;
		};
/* End PBXSourcesBuildPhase section */

/* Begin PBXTargetDependency section */
		B7F1F0C42D0A3F66000C5A62 /* PBXTargetDependency */ = {
			isa = PBXTargetDependency;
			target = B7F1F0B42D0A3F65000C5A62 /* LiveActivityDemoWidgetExtension */;
			targetProxy = B7F1F0C32D0A3F66000C5A62 /* PBXContainerItemProxy */;
		};
/* End PBXTargetDependency section */

/* Begin XCBuildConfiguration section */
		B7F1F0AC2D0A3ED8000C5A62 /* Debug */ = {
			isa = XCBuildConfiguration;
			buildSettings = {
				ALWAYS_SEARCH_USER_PATHS = NO;
				ASSETCATALOG_COMPILER_GENERATE_SWIFT_ASSET_SYMBOL_EXTENSIONS = YES;
				CLANG_ANALYZER_NONNULL = YES;
				CLANG_ANALYZER_NUMBER_OBJECT_CONVERSION = YES_AGGRESSIVE;
				CLANG_CXX_LANGUAGE_STANDARD = "gnu++20";
				CLANG_ENABLE_MODULES = YES;
				CLANG_ENABLE_OBJC_ARC = YES;
				CLANG_ENABLE_OBJC_WEAK = YES;
				CLANG_WARN_BLOCK_CAPTURE_AUTORELEASING = YES;
				CLANG_WARN_BOOL_CONVERSION = YES;
				CLANG_WARN_COMMA = YES;
				CLANG_WARN_CONSTANT_CONVERSION = YES;
				CLANG_WARN_DEPRECATED_OBJC_IMPLEMENTATIONS = YES;
				CLANG_WARN_DIRECT_OBJC_ISA_USAGE = YES_ERROR;
				CLANG_WARN_DOCUMENTATION_COMMENTS = YES;
				CLANG_WARN_EMPTY_BODY = YES;
				CLANG_WARN_ENUM_CONVERSION = YES;
				CLANG_WARN_INFINITE_RECURSION = YES;
				CLANG_WARN_INT_CONVERSION = YES;
				CLANG_WARN_NON_LITERAL_NULL_CONVERSION = YES;
				CLANG_WARN_OBJC_IMPLICIT_RETAIN_SELF = YES;
				CLANG_WARN_OBJC_LITERAL_CONVERSION = YES;
				CLANG_WARN_OBJC_ROOT_CLASS = YES_ERROR;
				CLANG_WARN_QUOTED_INCLUDE_IN_FRAMEWORK_HEADER = YES;
				CLANG_WARN_RANGE_LOOP_ANALYSIS = YES;
				CLANG_WARN_STRICT_PROTOTYPES = YES;
				CLANG_WARN_SUSPICIOUS_MOVE = YES;
				CLANG_WARN_UNGUARDED_AVAILABILITY = YES_AGGRESSIVE;
				CLANG_WARN_UNREACHABLE_CODE = YES;
				CLANG_WARN__DUPLICATE_METHOD_MATCH = YES;
				COPY_PHASE_STRIP = NO;
				DEBUG_INFORMATION_FORMAT = dwarf;
				ENABLE_STRICT_OBJC_MSGSEND = YES;
				ENABLE_TESTABILITY = YES;
				ENABLE_USER_SCRIPT_SANDBOXING = YES;
				GCC_C_LANGUAGE_STANDARD = gnu17;
				GCC_DYNAMIC_NO_PIC = NO;
				GCC_NO_COMMON_BLOCKS = YES;
				GCC_OPTIMIZATION_LEVEL = 0;
				GCC_PREPROCESSOR_DEFINITIONS = (
					"DEBUG=1",
					"$(inherited)",
				);
				GCC_WARN_64_TO_32_BIT_CONVERSION = YES;
				GCC_WARN_ABOUT_RETURN_TYPE = YES_ERROR;
				GCC_WARN_UNDECLARED_SELECTOR = YES;
				GCC_WARN_UNINITIALIZED_AUTOS = YES_AGGRESSIVE;
				GCC_WARN_UNUSED_FUNCTION = YES;
				GCC_WARN_UNUSED_VARIABLE = YES;
				IPHONEOS_DEPLOYMENT_TARGET = 18.1;
				LOCALIZATION_PREFERS_STRING_CATALOGS = YES;
				MTL_ENABLE_DEBUG_INFO = INCLUDE_SOURCE;
				MTL_FAST_MATH = YES;
				ONLY_ACTIVE_ARCH = YES;
				SDKROOT = iphoneos;
				SWIFT_ACTIVE_COMPILATION_CONDITIONS = "DEBUG $(inherited)";
				SWIFT_OPTIMIZATION_LEVEL = "-Onone";
			};
			name = Debug;
		};
		B7F1F0AD2D0A3ED8000C5A62 /* Release */ = {
			isa = XCBuildConfiguration;
			buildSettings = {
				ALWAYS_SEARCH_USER_PATHS = NO;
				ASSETCATALOG_COMPILER_GENERATE_SWIFT_ASSET_SYMBOL_EXTENSIONS = YES;
				CLANG_ANALYZER_NONNULL = YES;
				CLANG_ANALYZER_NUMBER_OBJECT_CONVERSION = YES_AGGRESSIVE;
				CLANG_CXX_LANGUAGE_STANDARD = "gnu++20";
				CLANG_ENABLE_MODULES = YES;
				CLANG_ENABLE_OBJC_ARC = YES;
				CLANG_ENABLE_OBJC_WEAK = YES;
				CLANG_WARN_BLOCK_CAPTURE_AUTORELEASING = YES;
				CLANG_WARN_BOOL_CONVERSION = YES;
				CLANG_WARN_COMMA = YES;
				CLANG_WARN_CONSTANT_CONVERSION = YES;
				CLANG_WARN_DEPRECATED_OBJC_IMPLEMENTATIONS = YES;
				CLANG_WARN_DIRECT_OBJC_ISA_USAGE = YES_ERROR;
				CLANG_WARN_DOCUMENTATION_COMMENTS = YES;
				CLANG_WARN_EMPTY_BODY = YES;
				CLANG_WARN_ENUM_CONVERSION = YES;
				CLANG_WARN_INFINITE_RECURSION = YES;
				CLANG_WARN_INT_CONVERSION = YES;
				CLANG_WARN_NON_LITERAL_NULL_CONVERSION = YES;
				CLANG_WARN_OBJC_IMPLICIT_RETAIN_SELF = YES;
				CLANG_WARN_OBJC_LITERAL_CONVERSION = YES;
				CLANG_WARN_OBJC_ROOT_CLASS = YES_ERROR;
				CLANG_WARN_QUOTED_INCLUDE_IN_FRAMEWORK_HEADER = YES;
				CLANG_WARN_RANGE_LOOP_ANALYSIS = YES;
				CLANG_WARN_STRICT_PROTOTYPES = YES;
				CLANG_WARN_SUSPICIOUS_MOVE = YES;
				CLANG_WARN_UNGUARDED_AVAILABILITY = YES_AGGRESSIVE;
				CLANG_WARN_UNREACHABLE_CODE = YES;
				CLANG_WARN__DUPLICATE_METHOD_MATCH = YES;
				COPY_PHASE_STRIP = NO;
				DEBUG_INFORMATION_FORMAT = "dwarf-with-dsym";
				ENABLE_NS_ASSERTIONS = NO;
				ENABLE_STRICT_OBJC_MSGSEND = YES;
				ENABLE_USER_SCRIPT_SANDBOXING = YES;
				GCC_C_LANGUAGE_STANDARD = gnu17;
				GCC_NO_COMMON_BLOCKS = YES;
				GCC_WARN_64_TO_32_BIT_CONVERSION = YES;
				GCC_WARN_ABOUT_RETURN_TYPE = YES_ERROR;
				GCC_WARN_UNDECLARED_SELECTOR = YES;
				GCC_WARN_UNINITIALIZED_AUTOS = YES_AGGRESSIVE;
				GCC_WARN_UNUSED_FUNCTION = YES;
				GCC_WARN_UNUSED_VARIABLE = YES;
				IPHONEOS_DEPLOYMENT_TARGET = 18.1;
				LOCALIZATION_PREFERS_STRING_CATALOGS = YES;
				MTL_ENABLE_DEBUG_INFO = NO;
				MTL_FAST_MATH = YES;
				SDKROOT = iphoneos;
				SWIFT_COMPILATION_MODE = wholemodule;
				VALIDATE_PRODUCT = YES;
			};
			name = Release;
		};
		B7F1F0AF2D0A3ED8000C5A62 /* Debug */ = {
			isa = XCBuildConfiguration;
			buildSettings = {
				ASSETCATALOG_COMPILER_APPICON_NAME = AppIcon;
				ASSETCATALOG_COMPILER_GLOBAL_ACCENT_COLOR_NAME = AccentColor;
				CODE_SIGN_STYLE = Automatic;
				CURRENT_PROJECT_VERSION = 1;
				DEVELOPMENT_ASSET_PATHS = "\"LiveActivitityDemo/Preview Content\"";
				DEVELOPMENT_TEAM = "";
				ENABLE_PREVIEWS = YES;
				GENERATE_INFOPLIST_FILE = YES;
				INFOPLIST_FILE = LiveActivitityDemo/Info.plist;
				INFOPLIST_KEY_CFBundleDisplayName = LiveActivityDemo;
				INFOPLIST_KEY_NSSupportsLiveActivities = YES;
				INFOPLIST_KEY_NSSupportsLiveActivitiesFrequentUpdates = YES;
				INFOPLIST_KEY_UIApplicationSceneManifest_Generation = YES;
				INFOPLIST_KEY_UIApplicationSupportsIndirectInputEvents = YES;
				INFOPLIST_KEY_UILaunchScreen_Generation = YES;
				INFOPLIST_KEY_UISupportedInterfaceOrientations_iPad = "UIInterfaceOrientationPortrait UIInterfaceOrientationPortraitUpsideDown UIInterfaceOrientationLandscapeLeft UIInterfaceOrientationLandscapeRight";
				INFOPLIST_KEY_UISupportedInterfaceOrientations_iPhone = "UIInterfaceOrientationPortrait UIInterfaceOrientationLandscapeLeft UIInterfaceOrientationLandscapeRight";
				LD_RUNPATH_SEARCH_PATHS = (
					"$(inherited)",
					"@executable_path/Frameworks",
				);
				MARKETING_VERSION = 1.0;
				PRODUCT_BUNDLE_IDENTIFIER = com.LiveActivitityDemo;
				PRODUCT_NAME = "$(TARGET_NAME)";
				SWIFT_EMIT_LOC_STRINGS = YES;
				SWIFT_VERSION = 5.0;
				TARGETED_DEVICE_FAMILY = "1,2";
			};
			name = Debug;
		};
		B7F1F0B02D0A3ED8000C5A62 /* Release */ = {
			isa = XCBuildConfiguration;
			buildSettings = {
				ASSETCATALOG_COMPILER_APPICON_NAME = AppIcon;
				ASSETCATALOG_COMPILER_GLOBAL_ACCENT_COLOR_NAME = AccentColor;
				CODE_SIGN_STYLE = Automatic;
				CURRENT_PROJECT_VERSION = 1;
				DEVELOPMENT_ASSET_PATHS = "\"LiveActivitityDemo/Preview Content\"";
				DEVELOPMENT_TEAM = "";
				ENABLE_PREVIEWS = YES;
				GENERATE_INFOPLIST_FILE = YES;
				INFOPLIST_FILE = LiveActivitityDemo/Info.plist;
				INFOPLIST_KEY_CFBundleDisplayName = LiveActivityDemo;
				INFOPLIST_KEY_NSSupportsLiveActivities = YES;
				INFOPLIST_KEY_NSSupportsLiveActivitiesFrequentUpdates = YES;
				INFOPLIST_KEY_UIApplicationSceneManifest_Generation = YES;
				INFOPLIST_KEY_UIApplicationSupportsIndirectInputEvents = YES;
				INFOPLIST_KEY_UILaunchScreen_Generation = YES;
				INFOPLIST_KEY_UISupportedInterfaceOrientations_iPad = "UIInterfaceOrientationPortrait UIInterfaceOrientationPortraitUpsideDown UIInterfaceOrientationLandscapeLeft UIInterfaceOrientationLandscapeRight";
				INFOPLIST_KEY_UISupportedInterfaceOrientations_iPhone = "UIInterfaceOrientationPortrait UIInterfaceOrientationLandscapeLeft UIInterfaceOrientationLandscapeRight";
				LD_RUNPATH_SEARCH_PATHS = (
					"$(inherited)",
					"@executable_path/Frameworks",
				);
				MARKETING_VERSION = 1.0;
				PRODUCT_BUNDLE_IDENTIFIER = com.LiveActivitityDemo;
				PRODUCT_NAME = "$(TARGET_NAME)";
				SWIFT_EMIT_LOC_STRINGS = YES;
				SWIFT_VERSION = 5.0;
				TARGETED_DEVICE_FAMILY = "1,2";
			};
			name = Release;
		};
		B7F1F0C82D0A3F66000C5A62 /* Debug */ = {
			isa = XCBuildConfiguration;
			buildSettings = {
				ASSETCATALOG_COMPILER_GLOBAL_ACCENT_COLOR_NAME = AccentColor;
				ASSETCATALOG_COMPILER_WIDGET_BACKGROUND_COLOR_NAME = WidgetBackground;
				CODE_SIGN_STYLE = Automatic;
				CURRENT_PROJECT_VERSION = 1;
				DEVELOPMENT_TEAM = 476X578342;
				GENERATE_INFOPLIST_FILE = YES;
				INFOPLIST_FILE = LiveActivityDemoWidget/Info.plist;
				INFOPLIST_KEY_CFBundleDisplayName = LiveActivityDemoWidget;
				INFOPLIST_KEY_NSHumanReadableCopyright = "";
				LD_RUNPATH_SEARCH_PATHS = (
					"$(inherited)",
					"@executable_path/Frameworks",
					"@executable_path/../../Frameworks",
				);
				MARKETING_VERSION = 1.0;
				PRODUCT_BUNDLE_IDENTIFIER = com.LiveActivitityDemo.LiveActivityDemoWidget;
				PRODUCT_NAME = "$(TARGET_NAME)";
				SKIP_INSTALL = YES;
				SWIFT_EMIT_LOC_STRINGS = YES;
				SWIFT_VERSION = 5.0;
				TARGETED_DEVICE_FAMILY = "1,2";
			};
			name = Debug;
		};
		B7F1F0C92D0A3F66000C5A62 /* Release */ = {
			isa = XCBuildConfiguration;
			buildSettings = {
				ASSETCATALOG_COMPILER_GLOBAL_ACCENT_COLOR_NAME = AccentColor;
				ASSETCATALOG_COMPILER_WIDGET_BACKGROUND_COLOR_NAME = WidgetBackground;
				CODE_SIGN_STYLE = Automatic;
				CURRENT_PROJECT_VERSION = 1;
				DEVELOPMENT_TEAM = 476X578342;
				GENERATE_INFOPLIST_FILE = YES;
				INFOPLIST_FILE = LiveActivityDemoWidget/Info.plist;
				INFOPLIST_KEY_CFBundleDisplayName = LiveActivityDemoWidget;
				INFOPLIST_KEY_NSHumanReadableCopyright = "";
				LD_RUNPATH_SEARCH_PATHS = (
					"$(inherited)",
					"@executable_path/Frameworks",
					"@executable_path/../../Frameworks",
				);
				MARKETING_VERSION = 1.0;
				PRODUCT_BUNDLE_IDENTIFIER = com.LiveActivitityDemo.LiveActivityDemoWidget;
				PRODUCT_NAME = "$(TARGET_NAME)";
				SKIP_INSTALL = YES;
				SWIFT_EMIT_LOC_STRINGS = YES;
				SWIFT_VERSION = 5.0;
				TARGETED_DEVICE_FAMILY = "1,2";
			};
			name = Release;
		};
/* End XCBuildConfiguration section */

/* Begin XCConfigurationList section */
		B7F1F09B2D0A3ED7000C5A62 /* Build configuration list for PBXProject "LiveActivitityDemo" */ = {
			isa = XCConfigurationList;
			buildConfigurations = (
				B7F1F0AC2D0A3ED8000C5A62 /* Debug */,
				B7F1F0AD2D0A3ED8000C5A62 /* Release */,
			);
			defaultConfigurationIsVisible = 0;
			defaultConfigurationName = Release;
		};
		B7F1F0AE2D0A3ED8000C5A62 /* Build configuration list for PBXNativeTarget "LiveActivitityDemo" */ = {
			isa = XCConfigurationList;
			buildConfigurations = (
				B7F1F0AF2D0A3ED8000C5A62 /* Debug */,
				B7F1F0B02D0A3ED8000C5A62 /* Release */,
			);
			defaultConfigurationIsVisible = 0;
			defaultConfigurationName = Release;
		};
		B7F1F0C72D0A3F66000C5A62 /* Build configuration list for PBXNativeTarget "LiveActivityDemoWidgetExtension" */ = {
			isa = XCConfigurationList;
			buildConfigurations = (
				B7F1F0C82D0A3F66000C5A62 /* Debug */,
				B7F1F0C92D0A3F66000C5A62 /* Release */,
			);
			defaultConfigurationIsVisible = 0;
			defaultConfigurationName = Release;
		};
/* End XCConfigurationList section */
	};
	rootObject = B7F1F0982D0A3ED7000C5A62 /* Project object */;
}
